
Microsoft Visual Studio Solution File, Format Version 12.00
# Visual Studio Version 17
VisualStudioVersion = 17.5.001.0
MinimumVisualStudioVersion = 10.0.40219.1
Project("{9A19103F-16F7-4668-BE54-9A1E7A4F7556}") = "test_EDID_reader", "test_EDID_reader.csproj", "{D17F8C7E-202C-4720-86CD-9694CDB20AD4}"
EndProject
Global
	GlobalSection(SolutionConfigurationPlatforms) = preSolution
		Debug|Any CPU = Debug|Any CPU
		Release|Any CPU = Release|Any CPU
	EndGlobalSection
	GlobalSection(ProjectConfigurationPlatforms) = postSolution
		{D17F8C7E-202C-4720-86CD-9694CDB20AD4}.Debug|Any CPU.ActiveCfg = Debug|Any CPU
		{D17F8C7E-202C-4720-86CD-9694CDB20AD4}.Debug|Any CPU.Build.0 = Debug|Any CPU
		{D17F8C7E-202C-4720-86CD-9694CDB20AD4}.Release|Any CPU.ActiveCfg = Release|Any CPU
		{D17F8C7E-202C-4720-86CD-9694CDB20AD4}.Release|Any CPU.Build.0 = Release|Any CPU
	EndGlobalSection
	GlobalSection(SolutionProperties) = preSolution
		HideSolutionNode = FALSE
	EndGlobalSection
	GlobalSection(ExtensibilityGlobals) = postSolution
		SolutionGuid = {6E88AFEF-6942-4661-80F1-CF0B4AE84FE5}
	EndGlobalSection
EndGlobal
